
Microsoft Visual Studio Solution File, Format Version 12.00
# Visual Studio 14
VisualStudioVersion = 14.0.25420.1
MinimumVisualStudioVersion = 10.0.40219.1
Project("{FAE04EC0-301F-11D3-BF4B-00C04F79EFBC}") = "Web", "Web\Web.csproj", "{A68EEB91-45F0-4C60-BCF3-1AB2D0DF062A}"
EndProject
Project("{FAE04EC0-301F-11D3-BF4B-00C04F79EFBC}") = "BibliotecaDALC", "ClassLibrary1\BibliotecaDALC.csproj", "{F9CB8321-3C84-463A-AADE-2D142C737D39}"
EndProject
Project("{FAE04EC0-301F-11D3-BF4B-00C04F79EFBC}") = "WebServiceInterno", "WebServiceInterno\WebServiceInterno.csproj", "{A5ABF1D2-14A3-4FAE-9A4D-69E2B8187AF5}"
EndProject
Project("{FAE04EC0-301F-11D3-BF4B-00C04F79EFBC}") = "clases", "clases\clases.csproj", "{864EE650-31A7-43D3-A3AA-40DE69BB0CCE}"
EndProject
Global
	GlobalSection(SolutionConfigurationPlatforms) = preSolution
		Debug|Any CPU = Debug|Any CPU
		Release|Any CPU = Release|Any CPU
	EndGlobalSection
	GlobalSection(ProjectConfigurationPlatforms) = postSolution
		{A68EEB91-45F0-4C60-BCF3-1AB2D0DF062A}.Debug|Any CPU.ActiveCfg = Debug|Any CPU
		{A68EEB91-45F0-4C60-BCF3-1AB2D0DF062A}.Debug|Any CPU.Build.0 = Debug|Any CPU
		{A68EEB91-45F0-4C60-BCF3-1AB2D0DF062A}.Release|Any CPU.ActiveCfg = Release|Any CPU
		{A68EEB91-45F0-4C60-BCF3-1AB2D0DF062A}.Release|Any CPU.Build.0 = Release|Any CPU
		{F9CB8321-3C84-463A-AADE-2D142C737D39}.Debug|Any CPU.ActiveCfg = Debug|Any CPU
		{F9CB8321-3C84-463A-AADE-2D142C737D39}.Debug|Any CPU.Build.0 = Debug|Any CPU
		{F9CB8321-3C84-463A-AADE-2D142C737D39}.Release|Any CPU.ActiveCfg = Release|Any CPU
		{F9CB8321-3C84-463A-AADE-2D142C737D39}.Release|Any CPU.Build.0 = Release|Any CPU
		{A5ABF1D2-14A3-4FAE-9A4D-69E2B8187AF5}.Debug|Any CPU.ActiveCfg = Debug|Any CPU
		{A5ABF1D2-14A3-4FAE-9A4D-69E2B8187AF5}.Debug|Any CPU.Build.0 = Debug|Any CPU
		{A5ABF1D2-14A3-4FAE-9A4D-69E2B8187AF5}.Release|Any CPU.ActiveCfg = Release|Any CPU
		{A5ABF1D2-14A3-4FAE-9A4D-69E2B8187AF5}.Release|Any CPU.Build.0 = Release|Any CPU
		{864EE650-31A7-43D3-A3AA-40DE69BB0CCE}.Debug|Any CPU.ActiveCfg = Debug|Any CPU
		{864EE650-31A7-43D3-A3AA-40DE69BB0CCE}.Debug|Any CPU.Build.0 = Debug|Any CPU
		{864EE650-31A7-43D3-A3AA-40DE69BB0CCE}.Release|Any CPU.ActiveCfg = Release|Any CPU
		{864EE650-31A7-43D3-A3AA-40DE69BB0CCE}.Release|Any CPU.Build.0 = Release|Any CPU
	EndGlobalSection
	GlobalSection(SolutionProperties) = preSolution
		HideSolutionNode = FALSE
	EndGlobalSection
EndGlobal
